{
    "_meta": {
        "hash": {
            "sha256": "74dc8cd2ad3579099c4ab53cc8af235916997ed9bd5dffa6e4376a5d0466641b"
        },
        "pipfile-spec": 6,
        "requires": {
            "python_version": "3.10"
        },
        "sources": [
            {
                "name": "pypi",
                "url": "https://pypi.org/simple",
                "verify_ssl": true
            }
        ]
    },
    "default": {
        "cryptg": {
            "hashes": [
                "sha256:028c5a8f39f491e374d9d3d73d7d1767097a960437a01dda112bdd37767ca9c0",
                "sha256:0b4a03a838843d7980bd3a476d3e594883f41ab510da65f34e0d37b35025199c",
                "sha256:0c93d1744b9bcc15244bf343a63c8248c78ba920129ecbbe08fb6b17c40b5797",
                "sha256:0d53a9fea1c6331418a60b9a93db3d6dac5e54fa10f1d4b8f8b77107c58bbaaa",
                "sha256:1105e5035a28eba4878ff937032b873af66606c0a5bf2deadee0216f0aef067d",
                "sha256:1278f2e6a9f349d9a6bbdfd900dd0784a07bc182f05de694628bec18077b922d",
                "sha256:13b0734217d38eaa41f752570bc0b3689e69180e8e381b872542a24cf7cc6931",
                "sha256:1baeff7a8a208998d4f8512833586199058310e058f301834ceec621cbf4618a",
                "sha256:209cf9a499e9cdb91580c8a5f9a3b7e475514016352350aea3d0a58656d4c2fe",
                "sha256:277985cefe02e0bd027316ee2daacff29387af6b930c44bd1e1ffba37ddc1c8d",
                "sha256:2adfb6ddeb7be5678121e254b7d113e6f25923a8c9c41dff2b7c777eb6b318ff",
                "sha256:2b576af2135cc8238cd0a9fc1fe80b0b67b39e80ebd94d34235d1fc0da406ee1",
                "sha256:2ea4ac6a1b8677c41b0df368be7779ed19b07ef033a290d35b0bf2d202a34ca9",
                "sha256:2ff7f381746f0fcec3b8a25f5d39b9f7c84d7c59d5d27d5c4d53c6b2ba927a98",
                "sha256:32c37eaeb26a5360735520c03f5a499b43c9d0787f2fb6f34fca7d5ad71789e2",
                "sha256:3872fdf62cb5a977a5d4c2a76c808c7bea3559350f468e902c8da4b67a8375e7",
                "sha256:39795b25237da4ca6140cf4c2924807bfb683e528823ebbbae45b95f174ec903",
                "sha256:45997ddb2cba61c3c9eeb96acf2dd9d4546677858754f7562e8db09a0d31edea",
                "sha256:5451cf4a0ec7535a3cef10789b8e40ccd17dff90afd65627df56307dd00a1bf1",
                "sha256:5d3505c47b1e65775802b28f103b352ef9f6140d3e1004bb8afa5c2a09675f3e",
                "sha256:5e30ee45b6dfdd6cc5293bf74f163449c72887012d881780cf77aa712e5165b3",
                "sha256:6795041b09f68e11050921599be33868b0d9ebb47cb84443392dd847516659f3",
                "sha256:70a751732f55e611106561c8db74c0de77e22bfe5d7f7b902bb0f0bf783a42e7",
                "sha256:7284e58ad588413e50bc66e29f6441734af5cdbf21504ee3ba2dea079b9fbc86",
                "sha256:7519deefe2df2851d1f4963443de2ba461c8272c98cbcc612a0a157fd2ad4840",
                "sha256:84f6b6f623d894ff88429805b7a1670f43df7dd05a71edc2f3c7b34175182c99",
                "sha256:852e88327fc0050c47a1973e0ca33ffb7211c3d739965bff923fc202aeda1567",
                "sha256:882f12602db8d1021271a83275fb5b56bd6dbea22a6de086c26f4a22263d6c53",
                "sha256:896e327143e103ce7690ac140e67492a890b0b4ec0d52d5db1701c5e140b52f1",
                "sha256:9107b7daf308b453f00635f0491e4e658034925f19aa8d6623c73fe4e5764178",
                "sha256:9595969e5e52885be4f0c7498891dbec462e0606924320f5cd229248758f1866",
                "sha256:96da29d91bab292a7f91c43e27367529b5e9e81c894ceea29055460d0fe86346",
                "sha256:99481f08c52a5d5f3bc5889d45cf75b9c69ed15c537f369ffe77ca5c365fdab0",
                "sha256:9abb52b4d6c275f7148acec5a712c9731280794cd46b4e0fae8c6428f7ba5858",
                "sha256:9dfc86e0a4b200585b0d0a0ab349738f22b8ff9d14621ed7b37a2a415b78c3a5",
                "sha256:9eb089ab72d52cb900458aac46986b6f41b3b2ddf0ffd4b82a2e88f01eac3b93",
                "sha256:a37317f617dc4c1e0b0b042712948b2c817703e8e9334da3a9e5f24c31fbfc32",
                "sha256:a5f61d0bf0ce197c6d96e8abe9e810de206bf010e41b645d4b06bd416108de47",
                "sha256:b589c0e3d45ff3fcfd357d31be05669aa5735c912e4f93d26b34dd6e86f878a3",
                "sha256:b6dd75e7ec26fdc9747ad6d4ca1aba6ad366b8c246976714e499a58d8e52f03a",
                "sha256:be5b36e662a73c9b2f1e02e4f0d71b0f97870e514e924d5988d7253a780e3a7b",
                "sha256:c2c066b4a2ee4ed90298d557cac19db9c834bd7e4e8435a1e024393155b850bf",
                "sha256:c9ebd0e32d67d835b306d076e39b68b05dc178d7723a35397550af24eb87d280",
                "sha256:cad91aafaa06468237eeb03004ff4b0664e4f69cfb473f6159707c23b08198c4",
                "sha256:caec1871de5798f504a62bfb004f2060e60ea4edad636a298f176335e0976ffc",
                "sha256:cb72af3ba1b8e9f39c8990a32c355b9fd7f26ee6b377303bba240f857ff6478d",
                "sha256:cb7d27457634179fa3c1f8b20d70a81b6fa05e21e695c7c65b3c6dbaf72a247c",
                "sha256:cb8eb05d872291db96317c332adfe86350c0ce06c1ca6704133bdcef95e383fd",
                "sha256:cd3b8b790dca04ad9cc755383cd563f032027271d9bd763f9486ec527daa909e",
                "sha256:cef8ed1144e11b3fbb85c2bddac45a783fedec7e7a78980b195a9b217087c619",
                "sha256:d82293ea2515fe38300824fc075f5d4ec3e0fd3142a9ada1d88dae4f553eefec",
                "sha256:d9965ecb7e981bd3a5c4f7ead90007acae21622f73f9cc71df8fdb43f9fce5a4",
                "sha256:e0666f1d4dc551c1cb86378b7adf4d927a1a79fafd9c25e88bda1de43e6d1f7b",
                "sha256:eb525eb3e2af680c66e82a73256e54f50c7fd5dd648555e350451a3661c8944d",
                "sha256:ec12886a4131aab2b23b434cbec5e8ad88faf8824421f4070b808e2123a1c102",
                "sha256:ec43094134043a594e1e19036749608c788c3b21bbf5a56f76a723ea2facc865",
                "sha256:ecf7b9be44d9edb50e3ae5a4afb3caa952c707c62b327772abacfacf72b50c76",
                "sha256:f417cd83bc39b62c0183bfd87d1f47487eb0380dfecc4227aa0f262710e28ecc",
                "sha256:f6e144749355ee2a3473a2c295f8178b58e8bbf127d45bbc670a30df0e44b27b",
                "sha256:fc270c303989ddfbb961bac0aa84a98eb57de2e1462089a003ad14f375d1b72d",
                "sha256:feb3dc38d1766470239c76ca2f5003d8233d3a179a342e8731d5c5c6c57c08c9"
            ],
            "index": "pypi",
            "markers": "python_version >= '3.7'",
            "version": "==0.5.0.post0"
        },
        "pyaes": {
            "hashes": [
                "sha256:02c1b1405c38d3c370b085fb952dd8bea3fadcee6411ad99f312cc129c536d8f"
            ],
            "version": "==1.6.1"
        },
        "pyasn1": {
            "hashes": [
                "sha256:0d632f46f2ba09143da3a8afe9e33fb6f92fa2320ab7e886e2d0f7672af84629",
                "sha256:6f580d2bdd84365380830acf45550f2511469f673cb4a5ae3857a3170128b034"
            ],
            "markers": "python_version >= '3.8'",
            "version": "==0.6.1"
        },
        "rsa": {
            "hashes": [
                "sha256:90260d9058e514786967344d0ef75fa8727eed8a7d2e43ce9f4bcf1b536174f7",
                "sha256:e38464a49c6c85d7f1351b0126661487a7e0a14a50f1675ec50eb34d4f20ef21"
            ],
            "markers": "python_version >= '3.6' and python_version < '4'",
            "version": "==4.9"
        },
        "telethon": {
            "hashes": [
                "sha256:30c187017501bfb982b8af5659f864dda4108f77ea49cfce61e8f6fdb8a18d6e",
                "sha256:f9866c1e37197a0894e0c02aa56a6359bffb14a585e88e18e3e819df4fda399a"
            ],
            "index": "pypi",
            "markers": "python_version >= '3.5'",
            "version": "==1.38.1"
        }
    },
    "develop": {}
}
